
Microsoft Visual Studio Solution File, Format Version 12.00
# Visual Studio Version 17
VisualStudioVersion = 17.10.34916.146
MinimumVisualStudioVersion = 10.0.40219.1
Project("{FAE04EC0-301F-11D3-BF4B-00C04F79EFBC}") = "DebraEventManagementAPi", "DebraEventManagementAPi.csproj", "{A0F71EA0-4269-4F3A-AB4D-3C9D1F72B2FE}"
EndProject
Global
	GlobalSection(SolutionConfigurationPlatforms) = preSolution
		Debug|Any CPU = Debug|Any CPU
		Release|Any CPU = Release|Any CPU
	EndGlobalSection
	GlobalSection(ProjectConfigurationPlatforms) = postSolution
		{A0F71EA0-4269-4F3A-AB4D-3C9D1F72B2FE}.Debug|Any CPU.ActiveCfg = Debug|Any CPU
		{A0F71EA0-4269-4F3A-AB4D-3C9D1F72B2FE}.Debug|Any CPU.Build.0 = Debug|Any CPU
		{A0F71EA0-4269-4F3A-AB4D-3C9D1F72B2FE}.Release|Any CPU.ActiveCfg = Release|Any CPU
		{A0F71EA0-4269-4F3A-AB4D-3C9D1F72B2FE}.Release|Any CPU.Build.0 = Release|Any CPU
	EndGlobalSection
	GlobalSection(SolutionProperties) = preSolution
		HideSolutionNode = FALSE
	EndGlobalSection
	GlobalSection(ExtensibilityGlobals) = postSolution
		SolutionGuid = {124DAA28-5724-492D-9833-C10CBDE37308}
	EndGlobalSection
EndGlobal
